
Microsoft Visual Studio Solution File, Format Version 12.00
# Visual Studio Version 17
VisualStudioVersion = 17.8.34511.84
MinimumVisualStudioVersion = 10.0.40219.1
Project("{FAE04EC0-301F-11D3-BF4B-00C04F79EFBC}") = "AOC-2024", "AOC-2024\AOC-2024.csproj", "{94CA85A5-037F-49C6-BBE9-D3064C0A2BDA}"
EndProject
Global
	GlobalSection(SolutionConfigurationPlatforms) = preSolution
		Debug|Any CPU = Debug|Any CPU
		Release|Any CPU = Release|Any CPU
	EndGlobalSection
	GlobalSection(ProjectConfigurationPlatforms) = postSolution
		{94CA85A5-037F-49C6-BBE9-D3064C0A2BDA}.Debug|Any CPU.ActiveCfg = Debug|Any CPU
		{94CA85A5-037F-49C6-BBE9-D3064C0A2BDA}.Debug|Any CPU.Build.0 = Debug|Any CPU
		{94CA85A5-037F-49C6-BBE9-D3064C0A2BDA}.Release|Any CPU.ActiveCfg = Release|Any CPU
		{94CA85A5-037F-49C6-BBE9-D3064C0A2BDA}.Release|Any CPU.Build.0 = Release|Any CPU
	EndGlobalSection
	GlobalSection(SolutionProperties) = preSolution
		HideSolutionNode = FALSE
	EndGlobalSection
	GlobalSection(ExtensibilityGlobals) = postSolution
		SolutionGuid = {64388AAD-31AF-4AA1-8BF5-0F1EAD93A8CE}
	EndGlobalSection
EndGlobal
